// !$*UTF8*$!
{
	archiveVersion = 1;
	classes = {
	};
	objectVersion = 46;
	objects = {

/* Begin PBXBuildFile section */
		5A84BEAE1A563CCE001DF202 /* AppDelegate.swift in Sources */ = {isa = PBXBuildFile; fileRef = 5A84BEAD1A563CCE001DF202 /* AppDelegate.swift */; };
		5A84BEB01A563CCE001DF202 /* ViewController.swift in Sources */ = {isa = PBXBuildFile; fileRef = 5A84BEAF1A563CCE001DF202 /* ViewController.swift */; };
		5A84BEB31A563CCE001DF202 /* Main.storyboard in Resources */ = {isa = PBXBuildFile; fileRef = 5A84BEB11A563CCE001DF202 /* Main.storyboard */; };
		5A84BEB51A563CCE001DF202 /* Images.xcassets in Resources */ = {isa = PBXBuildFile; fileRef = 5A84BEB41A563CCE001DF202 /* Images.xcassets */; };
		5A84BEB81A563CCE001DF202 /* LaunchScreen.xib in Resources */ = {isa = PBXBuildFile; fileRef = 5A84BEB61A563CCE001DF202 /* LaunchScreen.xib */; };
		5A84BEC41A563CCE001DF202 /* OSVersionTests.swift in Sources */ = {isa = PBXBuildFile; fileRef = 5A84BEC31A563CCE001DF202 /* OSVersionTests.swift */; };
		5A84BECF1A563D28001DF202 /* OSVersion.swift in Sources */ = {isa = PBXBuildFile; fileRef = 5A84BECE1A563D28001DF202 /* OSVersion.swift */; };
		5A84BED11A563F0F001DF202 /* OSVersionInfo.swift in Sources */ = {isa = PBXBuildFile; fileRef = 5A84BED01A563F0F001DF202 /* OSVersionInfo.swift */; };
		5A84BED21A564164001DF202 /* OSVersion.swift in Sources */ = {isa = PBXBuildFile; fileRef = 5A84BECE1A563D28001DF202 /* OSVersion.swift */; };
		5A84BED31A564168001DF202 /* OSVersionInfo.swift in Sources */ = {isa = PBXBuildFile; fileRef = 5A84BED01A563F0F001DF202 /* OSVersionInfo.swift */; };
/* End PBXBuildFile section */

/* Begin PBXContainerItemProxy section */
		5A84BEBE1A563CCE001DF202 /* PBXContainerItemProxy */ = {
			isa = PBXContainerItemProxy;
			containerPortal = 5A84BEA01A563CCE001DF202 /* Project object */;
			proxyType = 1;
			remoteGlobalIDString = 5A84BEA71A563CCE001DF202;
			remoteInfo = OSVersion;
		};
/* End PBXContainerItemProxy section */

/* Begin PBXFileReference section */
		5A84BEA81A563CCE001DF202 /* OSVersion.app */ = {isa = PBXFileReference; explicitFileType = wrapper.application; includeInIndex = 0; path = OSVersion.app; sourceTree = BUILT_PRODUCTS_DIR; };
		5A84BEAC1A563CCE001DF202 /* Info.plist */ = {isa = PBXFileReference; lastKnownFileType = text.plist.xml; path = Info.plist; sourceTree = "<group>"; };
		5A84BEAD1A563CCE001DF202 /* AppDelegate.swift */ = {isa = PBXFileReference; lastKnownFileType = sourcecode.swift; path = AppDelegate.swift; sourceTree = "<group>"; };
		5A84BEAF1A563CCE001DF202 /* ViewController.swift */ = {isa = PBXFileReference; lastKnownFileType = sourcecode.swift; path = ViewController.swift; sourceTree = "<group>"; };
		5A84BEB21A563CCE001DF202 /* Base */ = {isa = PBXFileReference; lastKnownFileType = file.storyboard; name = Base; path = Base.lproj/Main.storyboard; sourceTree = "<group>"; };
		5A84BEB41A563CCE001DF202 /* Images.xcassets */ = {isa = PBXFileReference; lastKnownFileType = folder.assetcatalog; path = Images.xcassets; sourceTree = "<group>"; };
		5A84BEB71A563CCE001DF202 /* Base */ = {isa = PBXFileReference; lastKnownFileType = file.xib; name = Base; path = Base.lproj/LaunchScreen.xib; sourceTree = "<group>"; };
		5A84BEBD1A563CCE001DF202 /* OSVersionTests.xctest */ = {isa = PBXFileReference; explicitFileType = wrapper.cfbundle; includeInIndex = 0; path = OSVersionTests.xctest; sourceTree = BUILT_PRODUCTS_DIR; };
		5A84BEC21A563CCE001DF202 /* Info.plist */ = {isa = PBXFileReference; lastKnownFileType = text.plist.xml; path = Info.plist; sourceTree = "<group>"; };
		5A84BEC31A563CCE001DF202 /* OSVersionTests.swift */ = {isa = PBXFileReference; lastKnownFileType = sourcecode.swift; path = OSVersionTests.swift; sourceTree = "<group>"; };
		5A84BECE1A563D28001DF202 /* OSVersion.swift */ = {isa = PBXFileReference; fileEncoding = 4; lastKnownFileType = sourcecode.swift; name = OSVersion.swift; path = Classes/OSVersion.swift; sourceTree = "<group>"; };
		5A84BED01A563F0F001DF202 /* OSVersionInfo.swift */ = {isa = PBXFileReference; fileEncoding = 4; lastKnownFileType = sourcecode.swift; name = OSVersionInfo.swift; path = Classes/OSVersionInfo.swift; sourceTree = "<group>"; };
/* End PBXFileReference section */

/* Begin PBXFrameworksBuildPhase section */
		5A84BEA51A563CCE001DF202 /* Frameworks */ = {
			isa = PBXFrameworksBuildPhase;
			buildActionMask = 2147483647;
			files = (
			);
			runOnlyForDeploymentPostprocessing = 0;
		};
		5A84BEBA1A563CCE001DF202 /* Frameworks */ = {
			isa = PBXFrameworksBuildPhase;
			buildActionMask = 2147483647;
			files = (
			);
			runOnlyForDeploymentPostprocessing = 0;
		};
/* End PBXFrameworksBuildPhase section */

/* Begin PBXGroup section */
		5A84BE9F1A563CCE001DF202 = {
			isa = PBXGroup;
			children = (
				5A84BECD1A563D06001DF202 /* Classes */,
				5A84BEAA1A563CCE001DF202 /* OSVersion */,
				5A84BEC01A563CCE001DF202 /* OSVersionTests */,
				5A84BEA91A563CCE001DF202 /* Products */,
			);
			sourceTree = "<group>";
		};
		5A84BEA91A563CCE001DF202 /* Products */ = {
			isa = PBXGroup;
			children = (
				5A84BEA81A563CCE001DF202 /* OSVersion.app */,
				5A84BEBD1A563CCE001DF202 /* OSVersionTests.xctest */,
			);
			name = Products;
			sourceTree = "<group>";
		};
		5A84BEAA1A563CCE001DF202 /* OSVersion */ = {
			isa = PBXGroup;
			children = (
				5A84BEAD1A563CCE001DF202 /* AppDelegate.swift */,
				5A84BEAF1A563CCE001DF202 /* ViewController.swift */,
				5A84BEB11A563CCE001DF202 /* Main.storyboard */,
				5A84BEB41A563CCE001DF202 /* Images.xcassets */,
				5A84BEB61A563CCE001DF202 /* LaunchScreen.xib */,
				5A84BEAB1A563CCE001DF202 /* Supporting Files */,
			);
			path = OSVersion;
			sourceTree = "<group>";
		};
		5A84BEAB1A563CCE001DF202 /* Supporting Files */ = {
			isa = PBXGroup;
			children = (
				5A84BEAC1A563CCE001DF202 /* Info.plist */,
			);
			name = "Supporting Files";
			sourceTree = "<group>";
		};
		5A84BEC01A563CCE001DF202 /* OSVersionTests */ = {
			isa = PBXGroup;
			children = (
				5A84BEC31A563CCE001DF202 /* OSVersionTests.swift */,
				5A84BEC11A563CCE001DF202 /* Supporting Files */,
			);
			path = OSVersionTests;
			sourceTree = "<group>";
		};
		5A84BEC11A563CCE001DF202 /* Supporting Files */ = {
			isa = PBXGroup;
			children = (
				5A84BEC21A563CCE001DF202 /* Info.plist */,
			);
			name = "Supporting Files";
			sourceTree = "<group>";
		};
		5A84BECD1A563D06001DF202 /* Classes */ = {
			isa = PBXGroup;
			children = (
				5A84BECE1A563D28001DF202 /* OSVersion.swift */,
				5A84BED01A563F0F001DF202 /* OSVersionInfo.swift */,
			);
			name = Classes;
			sourceTree = "<group>";
		};
/* End PBXGroup section */

/* Begin PBXNativeTarget section */
		5A84BEA71A563CCE001DF202 /* OSVersion */ = {
			isa = PBXNativeTarget;
			buildConfigurationList = 5A84BEC71A563CCE001DF202 /* Build configuration list for PBXNativeTarget "OSVersion" */;
			buildPhases = (
				5A84BEA41A563CCE001DF202 /* Sources */,
				5A84BEA51A563CCE001DF202 /* Frameworks */,
				5A84BEA61A563CCE001DF202 /* Resources */,
			);
			buildRules = (
			);
			dependencies = (
			);
			name = OSVersion;
			productName = OSVersion;
			productReference = 5A84BEA81A563CCE001DF202 /* OSVersion.app */;
			productType = "com.apple.product-type.application";
		};
		5A84BEBC1A563CCE001DF202 /* OSVersionTests */ = {
			isa = PBXNativeTarget;
			buildConfigurationList = 5A84BECA1A563CCE001DF202 /* Build configuration list for PBXNativeTarget "OSVersionTests" */;
			buildPhases = (
				5A84BEB91A563CCE001DF202 /* Sources */,
				5A84BEBA1A563CCE001DF202 /* Frameworks */,
				5A84BEBB1A563CCE001DF202 /* Resources */,
			);
			buildRules = (
			);
			dependencies = (
				5A84BEBF1A563CCE001DF202 /* PBXTargetDependency */,
			);
			name = OSVersionTests;
			productName = OSVersionTests;
			productReference = 5A84BEBD1A563CCE001DF202 /* OSVersionTests.xctest */;
			productType = "com.apple.product-type.bundle.unit-test";
		};
/* End PBXNativeTarget section */

/* Begin PBXProject section */
		5A84BEA01A563CCE001DF202 /* Project object */ = {
			isa = PBXProject;
			attributes = {
				LastUpgradeCheck = 0610;
				ORGANIZATIONNAME = "Freddy Henin";
				TargetAttributes = {
					5A84BEA71A563CCE001DF202 = {
						CreatedOnToolsVersion = 6.1.1;
					};
					5A84BEBC1A563CCE001DF202 = {
						CreatedOnToolsVersion = 6.1.1;
						TestTargetID = 5A84BEA71A563CCE001DF202;
					};
				};
			};
			buildConfigurationList = 5A84BEA31A563CCE001DF202 /* Build configuration list for PBXProject "OSVersion" */;
			compatibilityVersion = "Xcode 3.2";
			developmentRegion = English;
			hasScannedForEncodings = 0;
			knownRegions = (
				en,
				Base,
			);
			mainGroup = 5A84BE9F1A563CCE001DF202;
			productRefGroup = 5A84BEA91A563CCE001DF202 /* Products */;
			projectDirPath = "";
			projectRoot = "";
			targets = (
				5A84BEA71A563CCE001DF202 /* OSVersion */,
				5A84BEBC1A563CCE001DF202 /* OSVersionTests */,
			);
		};
/* End PBXProject section */

/* Begin PBXResourcesBuildPhase section */
		5A84BEA61A563CCE001DF202 /* Resources */ = {
			isa = PBXResourcesBuildPhase;
			buildActionMask = 2147483647;
			files = (
				5A84BEB31A563CCE001DF202 /* Main.storyboard in Resources */,
				5A84BEB81A563CCE001DF202 /* LaunchScreen.xib in Resources */,
				5A84BEB51A563CCE001DF202 /* Images.xcassets in Resources */,
			);
			runOnlyForDeploymentPostprocessing = 0;
		};
		5A84BEBB1A563CCE001DF202 /* Resources */ = {
			isa = PBXResourcesBuildPhase;
			buildActionMask = 2147483647;
			files = (
			);
			runOnlyForDeploymentPostprocessing = 0;
		};
/* End PBXResourcesBuildPhase section */

/* Begin PBXSourcesBuildPhase section */
		5A84BEA41A563CCE001DF202 /* Sources */ = {
			isa = PBXSourcesBuildPhase;
			buildActionMask = 2147483647;
			files = (
				5A84BECF1A563D28001DF202 /* OSVersion.swift in Sources */,
				5A84BEB01A563CCE001DF202 /* ViewController.swift in Sources */,
				5A84BED11A563F0F001DF202 /* OSVersionInfo.swift in Sources */,
				5A84BEAE1A563CCE001DF202 /* AppDelegate.swift in Sources */,
			);
			runOnlyForDeploymentPostprocessing = 0;
		};
		5A84BEB91A563CCE001DF202 /* Sources */ = {
			isa = PBXSourcesBuildPhase;
			buildActionMask = 2147483647;
			files = (
				5A84BED21A564164001DF202 /* OSVersion.swift in Sources */,
				5A84BED31A564168001DF202 /* OSVersionInfo.swift in Sources */,
				5A84BEC41A563CCE001DF202 /* OSVersionTests.swift in Sources */,
			);
			runOnlyForDeploymentPostprocessing = 0;
		};
/* End PBXSourcesBuildPhase section */

/* Begin PBXTargetDependency section */
		5A84BEBF1A563CCE001DF202 /* PBXTargetDependency */ = {
			isa = PBXTargetDependency;
			target = 5A84BEA71A563CCE001DF202 /* OSVersion */;
			targetProxy = 5A84BEBE1A563CCE001DF202 /* PBXContainerItemProxy */;
		};
/* End PBXTargetDependency section */

/* Begin PBXVariantGroup section */
		5A84BEB11A563CCE001DF202 /* Main.storyboard */ = {
			isa = PBXVariantGroup;
			children = (
				5A84BEB21A563CCE001DF202 /* Base */,
			);
			name = Main.storyboard;
			sourceTree = "<group>";
		};
		5A84BEB61A563CCE001DF202 /* LaunchScreen.xib */ = {
			isa = PBXVariantGroup;
			children = (
				5A84BEB71A563CCE001DF202 /* Base */,
			);
			name = LaunchScreen.xib;
			sourceTree = "<group>";
		};
/* End PBXVariantGroup section */

/* Begin XCBuildConfiguration section */
		5A84BEC51A563CCE001DF202 /* Debug */ = {
			isa = XCBuildConfiguration;
			buildSettings = {
				ALWAYS_SEARCH_USER_PATHS = NO;
				CLANG_CXX_LANGUAGE_STANDARD = "gnu++0x";
				CLANG_CXX_LIBRARY = "libc++";
				CLANG_ENABLE_MODULES = YES;
				CLANG_ENABLE_OBJC_ARC = YES;
				CLANG_WARN_BOOL_CONVERSION = YES;
				CLANG_WARN_CONSTANT_CONVERSION = YES;
				CLANG_WARN_DIRECT_OBJC_ISA_USAGE = YES_ERROR;
				CLANG_WARN_EMPTY_BODY = YES;
				CLANG_WARN_ENUM_CONVERSION = YES;
				CLANG_WARN_INT_CONVERSION = YES;
				CLANG_WARN_OBJC_ROOT_CLASS = YES_ERROR;
				CLANG_WARN_UNREACHABLE_CODE = YES;
				CLANG_WARN__DUPLICATE_METHOD_MATCH = YES;
				"CODE_SIGN_IDENTITY[sdk=iphoneos*]" = "iPhone Developer";
				COPY_PHASE_STRIP = NO;
				ENABLE_STRICT_OBJC_MSGSEND = YES;
				GCC_C_LANGUAGE_STANDARD = gnu99;
				GCC_DYNAMIC_NO_PIC = NO;
				GCC_OPTIMIZATION_LEVEL = 0;
				GCC_PREPROCESSOR_DEFINITIONS = (
					"DEBUG=1",
					"$(inherited)",
				);
				GCC_SYMBOLS_PRIVATE_EXTERN = NO;
				GCC_WARN_64_TO_32_BIT_CONVERSION = YES;
				GCC_WARN_ABOUT_RETURN_TYPE = YES_ERROR;
				GCC_WARN_UNDECLARED_SELECTOR = YES;
				GCC_WARN_UNINITIALIZED_AUTOS = YES_AGGRESSIVE;
				GCC_WARN_UNUSED_FUNCTION = YES;
				GCC_WARN_UNUSED_VARIABLE = YES;
				IPHONEOS_DEPLOYMENT_TARGET = 8.1;
				MTL_ENABLE_DEBUG_INFO = YES;
				ONLY_ACTIVE_ARCH = YES;
				SDKROOT = iphoneos;
				SWIFT_OPTIMIZATION_LEVEL = "-Onone";
				TARGETED_DEVICE_FAMILY = "1,2";
			};
			name = Debug;
		};
		5A84BEC61A563CCE001DF202 /* Release */ = {
			isa = XCBuildConfiguration;
			buildSettings = {
				ALWAYS_SEARCH_USER_PATHS = NO;
				CLANG_CXX_LANGUAGE_STANDARD = "gnu++0x";
				CLANG_CXX_LIBRARY = "libc++";
				CLANG_ENABLE_MODULES = YES;
				CLANG_ENABLE_OBJC_ARC = YES;
				CLANG_WARN_BOOL_CONVERSION = YES;
				CLANG_WARN_CONSTANT_CONVERSION = YES;
				CLANG_WARN_DIRECT_OBJC_ISA_USAGE = YES_ERROR;
				CLANG_WARN_EMPTY_BODY = YES;
				CLANG_WARN_ENUM_CONVERSION = YES;
				CLANG_WARN_INT_CONVERSION = YES;
				CLANG_WARN_OBJC_ROOT_CLASS = YES_ERROR;
				CLANG_WARN_UNREACHABLE_CODE = YES;
				CLANG_WARN__DUPLICATE_METHOD_MATCH = YES;
				"CODE_SIGN_IDENTITY[sdk=iphoneos*]" = "iPhone Developer";
				COPY_PHASE_STRIP = YES;
				ENABLE_NS_ASSERTIONS = NO;
				ENABLE_STRICT_OBJC_MSGSEND = YES;
				GCC_C_LANGUAGE_STANDARD = gnu99;
				GCC_WARN_64_TO_32_BIT_CONVERSION = YES;
				GCC_WARN_ABOUT_RETURN_TYPE = YES_ERROR;
				GCC_WARN_UNDECLARED_SELECTOR = YES;
				GCC_WARN_UNINITIALIZED_AUTOS = YES_AGGRESSIVE;
				GCC_WARN_UNUSED_FUNCTION = YES;
				GCC_WARN_UNUSED_VARIABLE = YES;
				IPHONEOS_DEPLOYMENT_TARGET = 8.1;
				MTL_ENABLE_DEBUG_INFO = NO;
				SDKROOT = iphoneos;
				TARGETED_DEVICE_FAMILY = "1,2";
				VALIDATE_PRODUCT = YES;
			};
			name = Release;
		};
		5A84BEC81A563CCE001DF202 /* Debug */ = {
			isa = XCBuildConfiguration;
			buildSettings = {
				ASSETCATALOG_COMPILER_APPICON_NAME = AppIcon;
				INFOPLIST_FILE = OSVersion/Info.plist;
				IPHONEOS_DEPLOYMENT_TARGET = 7.1;
				LD_RUNPATH_SEARCH_PATHS = "$(inherited) @executable_path/Frameworks";
				PRODUCT_NAME = "$(TARGET_NAME)";
			};
			name = Debug;
		};
		5A84BEC91A563CCE001DF202 /* Release */ = {
			isa = XCBuildConfiguration;
			buildSettings = {
				ASSETCATALOG_COMPILER_APPICON_NAME = AppIcon;
				INFOPLIST_FILE = OSVersion/Info.plist;
				IPHONEOS_DEPLOYMENT_TARGET = 7.1;
				LD_RUNPATH_SEARCH_PATHS = "$(inherited) @executable_path/Frameworks";
				PRODUCT_NAME = "$(TARGET_NAME)";
			};
			name = Release;
		};
		5A84BECB1A563CCE001DF202 /* Debug */ = {
			isa = XCBuildConfiguration;
			buildSettings = {
				BUNDLE_LOADER = "$(TEST_HOST)";
				FRAMEWORK_SEARCH_PATHS = (
					"$(SDKROOT)/Developer/Library/Frameworks",
					"$(inherited)",
				);
				GCC_PREPROCESSOR_DEFINITIONS = (
					"DEBUG=1",
					"$(inherited)",
				);
				INFOPLIST_FILE = OSVersionTests/Info.plist;
				LD_RUNPATH_SEARCH_PATHS = "$(inherited) @executable_path/Frameworks @loader_path/Frameworks";
				PRODUCT_NAME = "$(TARGET_NAME)";
				TEST_HOST = "$(BUILT_PRODUCTS_DIR)/OSVersion.app/OSVersion";
			};
			name = Debug;
		};
		5A84BECC1A563CCE001DF202 /* Release */ = {
			isa = XCBuildConfiguration;
			buildSettings = {
				BUNDLE_LOADER = "$(TEST_HOST)";
				FRAMEWORK_SEARCH_PATHS = (
					"$(SDKROOT)/Developer/Library/Frameworks",
					"$(inherited)",
				);
				INFOPLIST_FILE = OSVersionTests/Info.plist;
				LD_RUNPATH_SEARCH_PATHS = "$(inherited) @executable_path/Frameworks @loader_path/Frameworks";
				PRODUCT_NAME = "$(TARGET_NAME)";
				TEST_HOST = "$(BUILT_PRODUCTS_DIR)/OSVersion.app/OSVersion";
			};
			name = Release;
		};
/* End XCBuildConfiguration section */

/* Begin XCConfigurationList section */
		5A84BEA31A563CCE001DF202 /* Build configuration list for PBXProject "OSVersion" */ = {
			isa = XCConfigurationList;
			buildConfigurations = (
				5A84BEC51A563CCE001DF202 /* Debug */,
				5A84BEC61A563CCE001DF202 /* Release */,
			);
			defaultConfigurationIsVisible = 0;
			defaultConfigurationName = Release;
		};
		5A84BEC71A563CCE001DF202 /* Build configuration list for PBXNativeTarget "OSVersion" */ = {
			isa = XCConfigurationList;
			buildConfigurations = (
				5A84BEC81A563CCE001DF202 /* Debug */,
				5A84BEC91A563CCE001DF202 /* Release */,
			);
			defaultConfigurationIsVisible = 0;
		};
		5A84BECA1A563CCE001DF202 /* Build configuration list for PBXNativeTarget "OSVersionTests" */ = {
			isa = XCConfigurationList;
			buildConfigurations = (
				5A84BECB1A563CCE001DF202 /* Debug */,
				5A84BECC1A563CCE001DF202 /* Release */,
			);
			defaultConfigurationIsVisible = 0;
		};
/* End XCConfigurationList section */
	};
	rootObject = 5A84BEA01A563CCE001DF202 /* Project object */;
}
